
Microsoft Visual Studio Solution File, Format Version 12.00
# Visual Studio Version 17
VisualStudioVersion = 17.1.32210.238
MinimumVisualStudioVersion = 10.0.40219.1
Project("{FAE04EC0-301F-11D3-BF4B-00C04F79EFBC}") = "Music Store", "Music Store\Music Store.csproj", "{FE60B124-3483-454B-B04A-73D67AD7899D}"
EndProject
Global
	GlobalSection(SolutionConfigurationPlatforms) = preSolution
		Debug|Any CPU = Debug|Any CPU
		Release|Any CPU = Release|Any CPU
	EndGlobalSection
	GlobalSection(ProjectConfigurationPlatforms) = postSolution
		{FE60B124-3483-454B-B04A-73D67AD7899D}.Debug|Any CPU.ActiveCfg = Debug|Any CPU
		{FE60B124-3483-454B-B04A-73D67AD7899D}.Debug|Any CPU.Build.0 = Debug|Any CPU
		{FE60B124-3483-454B-B04A-73D67AD7899D}.Release|Any CPU.ActiveCfg = Release|Any CPU
		{FE60B124-3483-454B-B04A-73D67AD7899D}.Release|Any CPU.Build.0 = Release|Any CPU
	EndGlobalSection
	GlobalSection(SolutionProperties) = preSolution
		HideSolutionNode = FALSE
	EndGlobalSection
	GlobalSection(ExtensibilityGlobals) = postSolution
		SolutionGuid = {36D59492-98DF-4F50-A12D-8424A40B167D}
	EndGlobalSection
EndGlobal
